# THIS IS AN AUTOGENERATED FILE. DO NOT EDIT THIS FILE DIRECTLY.
# yarn lockfile v1


"@dcloudio/uni-helper-json@^1.0.7":
  version "1.0.12"
  resolved "https://registry.npm.taobao.org/@dcloudio/uni-helper-json/download/@dcloudio/uni-helper-json-1.0.12.tgz#1cfb6adbf778b36d8716b23fd9ff12f40b4137f0"
  integrity sha1-HPtq2/d4s22HFrI/2f8S9AtBN/A=

"@types/html5plus@^1.0.1":
  version "1.0.1"
  resolved "https://registry.npm.taobao.org/@types/html5plus/download/@types/html5plus-1.0.1.tgz#12316597e42f6f87cb25b9c93860f57cd39b3906"
  integrity sha1-EjFll+Qvb4fLJbnJOGD1fNObOQY=

"@types/json-schema@^7.0.6":
  version "7.0.7"
  resolved "https://registry.npm.taobao.org/@types/json-schema/download/@types/json-schema-7.0.7.tgz?cache=0&sync_timestamp=1611096103663&other_urls=https%3A%2F%2Fregistry.npm.taobao.org%2F%40types%2Fjson-schema%2Fdownload%2F%40types%2Fjson-schema-7.0.7.tgz#98a993516c859eb0d5c4c8f098317a9ea68db9ad"
  integrity sha1-mKmTUWyFnrDVxMjwmDF6nqaNua0=

"@types/uni-app@^1.4.3":
  version "1.4.3"
  resolved "https://registry.npm.taobao.org/@types/uni-app/download/@types/uni-app-1.4.3.tgz?cache=0&sync_timestamp=1605057976310&other_urls=https%3A%2F%2Fregistry.npm.taobao.org%2F%40types%2Funi-app%2Fdownload%2F%40types%2Funi-app-1.4.3.tgz#251c012bd2408b69bf501fe0dc8f76adb3b0576c"
  integrity sha1-JRwBK9JAi2m/UB/g3I92rbOwV2w=
  dependencies:
    vue "^2.6.8"

ajv-keywords@^3.5.2:
  version "3.5.2"
  resolved "https://registry.npm.taobao.org/ajv-keywords/download/ajv-keywords-3.5.2.tgz#31f29da5ab6e00d1c2d329acf7b5929614d5014d"
  integrity sha1-MfKdpatuANHC0yms97WSlhTVAU0=

ajv@^6.12.5:
  version "6.12.6"
  resolved "https://registry.npm.taobao.org/ajv/download/ajv-6.12.6.tgz?cache=0&sync_timestamp=1609583955103&other_urls=https%3A%2F%2Fregistry.npm.taobao.org%2Fajv%2Fdownload%2Fajv-6.12.6.tgz#baf5a62e802b07d977034586f8c3baf5adf26df4"
  integrity sha1-uvWmLoArB9l3A0WG+MO69a3ybfQ=
  dependencies:
    fast-deep-equal "^3.1.1"
    fast-json-stable-stringify "^2.0.0"
    json-schema-traverse "^0.4.1"
    uri-js "^4.2.2"

compression-webpack-plugin@^7.1.2:
  version "7.1.2"
  resolved "https://registry.npm.taobao.org/compression-webpack-plugin/download/compression-webpack-plugin-7.1.2.tgz?cache=0&sync_timestamp=1610367126141&other_urls=https%3A%2F%2Fregistry.npm.taobao.org%2Fcompression-webpack-plugin%2Fdownload%2Fcompression-webpack-plugin-7.1.2.tgz#f9a1ba84d4879693e29726f6884b382940876597"
  integrity sha1-+aG6hNSHlpPilyb2iEs4KUCHZZc=
  dependencies:
    schema-utils "^3.0.0"
    serialize-javascript "^5.0.1"

fast-deep-equal@^3.1.1:
  version "3.1.3"
  resolved "https://registry.npm.taobao.org/fast-deep-equal/download/fast-deep-equal-3.1.3.tgz?cache=0&sync_timestamp=1591599659970&other_urls=https%3A%2F%2Fregistry.npm.taobao.org%2Ffast-deep-equal%2Fdownload%2Ffast-deep-equal-3.1.3.tgz#3a7d56b559d6cbc3eb512325244e619a65c6c525"
  integrity sha1-On1WtVnWy8PrUSMlJE5hmmXGxSU=

fast-json-stable-stringify@^2.0.0:
  version "2.1.0"
  resolved "https://registry.npm.taobao.org/fast-json-stable-stringify/download/fast-json-stable-stringify-2.1.0.tgz?cache=0&sync_timestamp=1576340291001&other_urls=https%3A%2F%2Fregistry.npm.taobao.org%2Ffast-json-stable-stringify%2Fdownload%2Ffast-json-stable-stringify-2.1.0.tgz#874bf69c6f404c2b5d99c481341399fd55892633"
  integrity sha1-h0v2nG9ATCtdmcSBNBOZ/VWJJjM=

json-schema-traverse@^0.4.1:
  version "0.4.1"
  resolved "https://registry.npm.taobao.org/json-schema-traverse/download/json-schema-traverse-0.4.1.tgz#69f6a87d9513ab8bb8fe63bdb0979c448e684660"
  integrity sha1-afaofZUTq4u4/mO9sJecRI5oRmA=

punycode@^2.1.0:
  version "2.1.1"
  resolved "https://registry.npm.taobao.org/punycode/download/punycode-2.1.1.tgz#b58b010ac40c22c5657616c8d2c2c02c7bf479ec"
  integrity sha1-tYsBCsQMIsVldhbI0sLALHv0eew=

qs-stringify@^1.2.1:
  version "1.2.1"
  resolved "https://registry.npm.taobao.org/qs-stringify/download/qs-stringify-1.2.1.tgz#9b39ef6b816bd83309628fc9dad435fc0eccc28b"
  integrity sha1-mznva4Fr2DMJYo/J2tQ1/A7Mwos=

randombytes@^2.1.0:
  version "2.1.0"
  resolved "https://registry.npm.taobao.org/randombytes/download/randombytes-2.1.0.tgz#df6f84372f0270dc65cdf6291349ab7a473d4f2a"
  integrity sha1-32+ENy8CcNxlzfYpE0mrekc9Tyo=
  dependencies:
    safe-buffer "^5.1.0"

safe-buffer@^5.1.0:
  version "5.2.1"
  resolved "https://registry.npm.taobao.org/safe-buffer/download/safe-buffer-5.2.1.tgz#1eaf9fa9bdb1fdd4ec75f58f9cdb4e6b7827eec6"
  integrity sha1-Hq+fqb2x/dTsdfWPnNtOa3gn7sY=

schema-utils@^3.0.0:
  version "3.0.0"
  resolved "https://registry.npm.taobao.org/schema-utils/download/schema-utils-3.0.0.tgz?cache=0&sync_timestamp=1601922425223&other_urls=https%3A%2F%2Fregistry.npm.taobao.org%2Fschema-utils%2Fdownload%2Fschema-utils-3.0.0.tgz#67502f6aa2b66a2d4032b4279a2944978a0913ef"
  integrity sha1-Z1AvaqK2ai1AMrQnmilEl4oJE+8=
  dependencies:
    "@types/json-schema" "^7.0.6"
    ajv "^6.12.5"
    ajv-keywords "^3.5.2"

serialize-javascript@^5.0.1:
  version "5.0.1"
  resolved "https://registry.npm.taobao.org/serialize-javascript/download/serialize-javascript-5.0.1.tgz?cache=0&sync_timestamp=1599740657550&other_urls=https%3A%2F%2Fregistry.npm.taobao.org%2Fserialize-javascript%2Fdownload%2Fserialize-javascript-5.0.1.tgz#7886ec848049a462467a97d3d918ebb2aaf934f4"
  integrity sha1-eIbshIBJpGJGepfT2Rjrsqr5NPQ=
  dependencies:
    randombytes "^2.1.0"

uri-js@^4.2.2:
  version "4.4.1"
  resolved "https://registry.npm.taobao.org/uri-js/download/uri-js-4.4.1.tgz?cache=0&sync_timestamp=1610237517218&other_urls=https%3A%2F%2Fregistry.npm.taobao.org%2Furi-js%2Fdownload%2Furi-js-4.4.1.tgz#9b1a52595225859e55f669d928f88c6c57f2a77e"
  integrity sha1-mxpSWVIlhZ5V9mnZKPiMbFfyp34=
  dependencies:
    punycode "^2.1.0"

vue@^2.6.8:
  version "2.6.12"
  resolved "https://registry.npm.taobao.org/vue/download/vue-2.6.12.tgz#f5ebd4fa6bd2869403e29a896aed4904456c9123"
  integrity sha1-9evU+mvShpQD4pqJau1JBEVskSM=
