# THIS IS AN AUTOGENERATED FILE. DO NOT EDIT THIS FILE DIRECTLY.
# yarn lockfile v1


"@types/eslint-scope@^3.7.0":
  version "3.7.1"
  resolved "https://registry.nlark.com/@types/eslint-scope/download/@types/eslint-scope-3.7.1.tgz?cache=0&other_urls=https%3A%2F%2Fregistry.nlark.com%2F%40types%2Feslint-scope%2Fdownload%2F%40types%2Feslint-scope-3.7.1.tgz#8dc390a7b4f9dd9f1284629efce982e41612116e"
  integrity sha1-jcOQp7T53Z8ShGKe/OmC5BYSEW4=
  dependencies:
    "@types/eslint" "*"
    "@types/estree" "*"

"@types/eslint@*":
  version "7.2.14"
  resolved "https://registry.nlark.com/@types/eslint/download/@types/eslint-7.2.14.tgz#088661518db0c3c23089ab45900b99dd9214b92a"
  integrity sha1-CIZhUY2ww8IwiatFkAuZ3ZIUuSo=
  dependencies:
    "@types/estree" "*"
    "@types/json-schema" "*"

"@types/estree@*", "@types/estree@^0.0.50":
  version "0.0.50"
  resolved "https://registry.nlark.com/@types/estree/download/@types/estree-0.0.50.tgz?cache=0&other_urls=https%3A%2F%2Fregistry.nlark.com%2F%40types%2Festree%2Fdownload%2F%40types%2Festree-0.0.50.tgz#1e0caa9364d3fccd2931c3ed96fdbeaa5d4cca83"
  integrity sha1-Hgyqk2TT/M0pMcPtlv2+ql1MyoM=

"@types/json-schema@*", "@types/json-schema@^7.0.7":
  version "7.0.8"
  resolved "https://registry.nlark.com/@types/json-schema/download/@types/json-schema-7.0.8.tgz#edf1bf1dbf4e04413ca8e5b17b3b7d7d54b59818"
  integrity sha1-7fG/Hb9OBEE8qOWxezt9fVS1mBg=

"@types/node@*":
  version "16.0.3"
  resolved "https://registry.nlark.com/@types/node/download/@types/node-16.0.3.tgz?cache=0&sync_timestamp=1625789346834&other_urls=https%3A%2F%2Fregistry.nlark.com%2F%40types%2Fnode%2Fdownload%2F%40types%2Fnode-16.0.3.tgz#f99794f182a9ffeaf6a0b589e3d3dc652a623ad5"
  integrity sha1-+ZeU8YKp/+r2oLWJ49PcZSpiOtU=

"@webassemblyjs/ast@1.11.1":
  version "1.11.1"
  resolved "https://registry.nlark.com/@webassemblyjs/ast/download/@webassemblyjs/ast-1.11.1.tgz?cache=0&sync_timestamp=1625473459015&other_urls=https%3A%2F%2Fregistry.nlark.com%2F%40webassemblyjs%2Fast%2Fdownload%2F%40webassemblyjs%2Fast-1.11.1.tgz#2bfd767eae1a6996f432ff7e8d7fc75679c0b6a7"
  integrity sha1-K/12fq4aaZb0Mv9+jX/HVnnAtqc=
  dependencies:
    "@webassemblyjs/helper-numbers" "1.11.1"
    "@webassemblyjs/helper-wasm-bytecode" "1.11.1"

"@webassemblyjs/floating-point-hex-parser@1.11.1":
  version "1.11.1"
  resolved "https://registry.nlark.com/@webassemblyjs/floating-point-hex-parser/download/@webassemblyjs/floating-point-hex-parser-1.11.1.tgz#f6c61a705f0fd7a6aecaa4e8198f23d9dc179e4f"
  integrity sha1-9sYacF8P16auyqToGY8j2dwXnk8=

"@webassemblyjs/helper-api-error@1.11.1":
  version "1.11.1"
  resolved "https://registry.nlark.com/@webassemblyjs/helper-api-error/download/@webassemblyjs/helper-api-error-1.11.1.tgz?cache=0&sync_timestamp=1625473346773&other_urls=https%3A%2F%2Fregistry.nlark.com%2F%40webassemblyjs%2Fhelper-api-error%2Fdownload%2F%40webassemblyjs%2Fhelper-api-error-1.11.1.tgz#1a63192d8788e5c012800ba6a7a46c705288fd16"
  integrity sha1-GmMZLYeI5cASgAump6RscFKI/RY=

"@webassemblyjs/helper-buffer@1.11.1":
  version "1.11.1"
  resolved "https://registry.nlark.com/@webassemblyjs/helper-buffer/download/@webassemblyjs/helper-buffer-1.11.1.tgz?cache=0&sync_timestamp=1625473344792&other_urls=https%3A%2F%2Fregistry.nlark.com%2F%40webassemblyjs%2Fhelper-buffer%2Fdownload%2F%40webassemblyjs%2Fhelper-buffer-1.11.1.tgz#832a900eb444884cde9a7cad467f81500f5e5ab5"
  integrity sha1-gyqQDrREiEzemnytRn+BUA9eWrU=

"@webassemblyjs/helper-numbers@1.11.1":
  version "1.11.1"
  resolved "https://registry.nlark.com/@webassemblyjs/helper-numbers/download/@webassemblyjs/helper-numbers-1.11.1.tgz?cache=0&sync_timestamp=1625473485159&other_urls=https%3A%2F%2Fregistry.nlark.com%2F%40webassemblyjs%2Fhelper-numbers%2Fdownload%2F%40webassemblyjs%2Fhelper-numbers-1.11.1.tgz#64d81da219fbbba1e3bd1bfc74f6e8c4e10a62ae"
  integrity sha1-ZNgdohn7u6HjvRv8dPboxOEKYq4=
  dependencies:
    "@webassemblyjs/floating-point-hex-parser" "1.11.1"
    "@webassemblyjs/helper-api-error" "1.11.1"
    "@xtuc/long" "4.2.2"

"@webassemblyjs/helper-wasm-bytecode@1.11.1":
  version "1.11.1"
  resolved "https://registry.nlark.com/@webassemblyjs/helper-wasm-bytecode/download/@webassemblyjs/helper-wasm-bytecode-1.11.1.tgz#f328241e41e7b199d0b20c18e88429c4433295e1"
  integrity sha1-8ygkHkHnsZnQsgwY6IQpxEMyleE=

"@webassemblyjs/helper-wasm-section@1.11.1":
  version "1.11.1"
  resolved "https://registry.nlark.com/@webassemblyjs/helper-wasm-section/download/@webassemblyjs/helper-wasm-section-1.11.1.tgz?cache=0&sync_timestamp=1625473466570&other_urls=https%3A%2F%2Fregistry.nlark.com%2F%40webassemblyjs%2Fhelper-wasm-section%2Fdownload%2F%40webassemblyjs%2Fhelper-wasm-section-1.11.1.tgz#21ee065a7b635f319e738f0dd73bfbda281c097a"
  integrity sha1-Ie4GWntjXzGec48N1zv72igcCXo=
  dependencies:
    "@webassemblyjs/ast" "1.11.1"
    "@webassemblyjs/helper-buffer" "1.11.1"
    "@webassemblyjs/helper-wasm-bytecode" "1.11.1"
    "@webassemblyjs/wasm-gen" "1.11.1"

"@webassemblyjs/ieee754@1.11.1":
  version "1.11.1"
  resolved "https://registry.nlark.com/@webassemblyjs/ieee754/download/@webassemblyjs/ieee754-1.11.1.tgz#963929e9bbd05709e7e12243a099180812992614"
  integrity sha1-ljkp6bvQVwnn4SJDoJkYCBKZJhQ=
  dependencies:
    "@xtuc/ieee754" "^1.2.0"

"@webassemblyjs/leb128@1.11.1":
  version "1.11.1"
  resolved "https://registry.nlark.com/@webassemblyjs/leb128/download/@webassemblyjs/leb128-1.11.1.tgz?cache=0&sync_timestamp=1625473342433&other_urls=https%3A%2F%2Fregistry.nlark.com%2F%40webassemblyjs%2Fleb128%2Fdownload%2F%40webassemblyjs%2Fleb128-1.11.1.tgz#ce814b45574e93d76bae1fb2644ab9cdd9527aa5"
  integrity sha1-zoFLRVdOk9drrh+yZEq5zdlSeqU=
  dependencies:
    "@xtuc/long" "4.2.2"

"@webassemblyjs/utf8@1.11.1":
  version "1.11.1"
  resolved "https://registry.nlark.com/@webassemblyjs/utf8/download/@webassemblyjs/utf8-1.11.1.tgz#d1f8b764369e7c6e6bae350e854dec9a59f0a3ff"
  integrity sha1-0fi3ZDaefG5rrjUOhU3smlnwo/8=

"@webassemblyjs/wasm-edit@1.11.1":
  version "1.11.1"
  resolved "https://registry.nlark.com/@webassemblyjs/wasm-edit/download/@webassemblyjs/wasm-edit-1.11.1.tgz?cache=0&sync_timestamp=1625473463093&other_urls=https%3A%2F%2Fregistry.nlark.com%2F%40webassemblyjs%2Fwasm-edit%2Fdownload%2F%40webassemblyjs%2Fwasm-edit-1.11.1.tgz#ad206ebf4bf95a058ce9880a8c092c5dec8193d6"
  integrity sha1-rSBuv0v5WgWM6YgKjAksXeyBk9Y=
  dependencies:
    "@webassemblyjs/ast" "1.11.1"
    "@webassemblyjs/helper-buffer" "1.11.1"
    "@webassemblyjs/helper-wasm-bytecode" "1.11.1"
    "@webassemblyjs/helper-wasm-section" "1.11.1"
    "@webassemblyjs/wasm-gen" "1.11.1"
    "@webassemblyjs/wasm-opt" "1.11.1"
    "@webassemblyjs/wasm-parser" "1.11.1"
    "@webassemblyjs/wast-printer" "1.11.1"

"@webassemblyjs/wasm-gen@1.11.1":
  version "1.11.1"
  resolved "https://registry.nlark.com/@webassemblyjs/wasm-gen/download/@webassemblyjs/wasm-gen-1.11.1.tgz?cache=0&sync_timestamp=1625473361759&other_urls=https%3A%2F%2Fregistry.nlark.com%2F%40webassemblyjs%2Fwasm-gen%2Fdownload%2F%40webassemblyjs%2Fwasm-gen-1.11.1.tgz#86c5ea304849759b7d88c47a32f4f039ae3c8f76"
  integrity sha1-hsXqMEhJdZt9iMR6MvTwOa48j3Y=
  dependencies:
    "@webassemblyjs/ast" "1.11.1"
    "@webassemblyjs/helper-wasm-bytecode" "1.11.1"
    "@webassemblyjs/ieee754" "1.11.1"
    "@webassemblyjs/leb128" "1.11.1"
    "@webassemblyjs/utf8" "1.11.1"

"@webassemblyjs/wasm-opt@1.11.1":
  version "1.11.1"
  resolved "https://registry.nlark.com/@webassemblyjs/wasm-opt/download/@webassemblyjs/wasm-opt-1.11.1.tgz?cache=0&sync_timestamp=1625473467198&other_urls=https%3A%2F%2Fregistry.nlark.com%2F%40webassemblyjs%2Fwasm-opt%2Fdownload%2F%40webassemblyjs%2Fwasm-opt-1.11.1.tgz#657b4c2202f4cf3b345f8a4c6461c8c2418985f2"
  integrity sha1-ZXtMIgL0zzs0X4pMZGHIwkGJhfI=
  dependencies:
    "@webassemblyjs/ast" "1.11.1"
    "@webassemblyjs/helper-buffer" "1.11.1"
    "@webassemblyjs/wasm-gen" "1.11.1"
    "@webassemblyjs/wasm-parser" "1.11.1"

"@webassemblyjs/wasm-parser@1.11.1":
  version "1.11.1"
  resolved "https://registry.nlark.com/@webassemblyjs/wasm-parser/download/@webassemblyjs/wasm-parser-1.11.1.tgz?cache=0&sync_timestamp=1625473464593&other_urls=https%3A%2F%2Fregistry.nlark.com%2F%40webassemblyjs%2Fwasm-parser%2Fdownload%2F%40webassemblyjs%2Fwasm-parser-1.11.1.tgz#86ca734534f417e9bd3c67c7a1c75d8be41fb199"
  integrity sha1-hspzRTT0F+m9PGfHocddi+QfsZk=
  dependencies:
    "@webassemblyjs/ast" "1.11.1"
    "@webassemblyjs/helper-api-error" "1.11.1"
    "@webassemblyjs/helper-wasm-bytecode" "1.11.1"
    "@webassemblyjs/ieee754" "1.11.1"
    "@webassemblyjs/leb128" "1.11.1"
    "@webassemblyjs/utf8" "1.11.1"

"@webassemblyjs/wast-printer@1.11.1":
  version "1.11.1"
  resolved "https://registry.nlark.com/@webassemblyjs/wast-printer/download/@webassemblyjs/wast-printer-1.11.1.tgz#d0c73beda8eec5426f10ae8ef55cee5e7084c2f0"
  integrity sha1-0Mc77ajuxUJvEK6O9VzuXnCEwvA=
  dependencies:
    "@webassemblyjs/ast" "1.11.1"
    "@xtuc/long" "4.2.2"

"@xtuc/ieee754@^1.2.0":
  version "1.2.0"
  resolved "https://registry.npm.taobao.org/@xtuc/ieee754/download/@xtuc/ieee754-1.2.0.tgz#eef014a3145ae477a1cbc00cd1e552336dceb790"
  integrity sha1-7vAUoxRa5Hehy8AM0eVSM23Ot5A=

"@xtuc/long@4.2.2":
  version "4.2.2"
  resolved "https://registry.nlark.com/@xtuc/long/download/@xtuc/long-4.2.2.tgz#d291c6a4e97989b5c61d9acf396ae4fe133a718d"
  integrity sha1-0pHGpOl5ibXGHZrPOWrk/hM6cY0=

acorn@^8.4.1:
  version "8.4.1"
  resolved "https://registry.nlark.com/acorn/download/acorn-8.4.1.tgz#56c36251fc7cabc7096adc18f05afe814321a28c"
  integrity sha1-VsNiUfx8q8cJatwY8Fr+gUMhoow=

ajv-keywords@^3.5.2:
  version "3.5.2"
  resolved "https://registry.npm.taobao.org/ajv-keywords/download/ajv-keywords-3.5.2.tgz?cache=0&sync_timestamp=1616882441894&other_urls=https%3A%2F%2Fregistry.npm.taobao.org%2Fajv-keywords%2Fdownload%2Fajv-keywords-3.5.2.tgz#31f29da5ab6e00d1c2d329acf7b5929614d5014d"
  integrity sha1-MfKdpatuANHC0yms97WSlhTVAU0=

ajv@^6.12.5:
  version "6.12.6"
  resolved "https://registry.nlark.com/ajv/download/ajv-6.12.6.tgz#baf5a62e802b07d977034586f8c3baf5adf26df4"
  integrity sha1-uvWmLoArB9l3A0WG+MO69a3ybfQ=
  dependencies:
    fast-deep-equal "^3.1.1"
    fast-json-stable-stringify "^2.0.0"
    json-schema-traverse "^0.4.1"
    uri-js "^4.2.2"

browserslist@^4.14.5:
  version "4.16.6"
  resolved "https://registry.nlark.com/browserslist/download/browserslist-4.16.6.tgz?cache=0&sync_timestamp=1619789072079&other_urls=https%3A%2F%2Fregistry.nlark.com%2Fbrowserslist%2Fdownload%2Fbrowserslist-4.16.6.tgz#d7901277a5a88e554ed305b183ec9b0c08f66fa2"
  integrity sha1-15ASd6WojlVO0wWxg+ybDAj2b6I=
  dependencies:
    caniuse-lite "^1.0.30001219"
    colorette "^1.2.2"
    electron-to-chromium "^1.3.723"
    escalade "^3.1.1"
    node-releases "^1.1.71"

buffer-from@^1.0.0:
  version "1.1.1"
  resolved "https://registry.nlark.com/buffer-from/download/buffer-from-1.1.1.tgz#32713bc028f75c02fdb710d7c7bcec1f2c6070ef"
  integrity sha1-MnE7wCj3XAL9txDXx7zsHyxgcO8=

caniuse-lite@^1.0.30001219:
  version "1.0.30001243"
  resolved "https://registry.nlark.com/caniuse-lite/download/caniuse-lite-1.0.30001243.tgz#d9250155c91e872186671c523f3ae50cfc94a3aa"
  integrity sha1-2SUBVckehyGGZxxSPzrlDPyUo6o=

chrome-trace-event@^1.0.2:
  version "1.0.3"
  resolved "https://registry.npm.taobao.org/chrome-trace-event/download/chrome-trace-event-1.0.3.tgz?cache=0&sync_timestamp=1617905925551&other_urls=https%3A%2F%2Fregistry.npm.taobao.org%2Fchrome-trace-event%2Fdownload%2Fchrome-trace-event-1.0.3.tgz#1015eced4741e15d06664a957dbbf50d041e26ac"
  integrity sha1-EBXs7UdB4V0GZkqVfbv1DQQeJqw=

colorette@^1.2.2:
  version "1.2.2"
  resolved "https://registry.npm.taobao.org/colorette/download/colorette-1.2.2.tgz?cache=0&sync_timestamp=1614259623635&other_urls=https%3A%2F%2Fregistry.npm.taobao.org%2Fcolorette%2Fdownload%2Fcolorette-1.2.2.tgz#cbcc79d5e99caea2dbf10eb3a26fd8b3e6acfa94"
  integrity sha1-y8x51emcrqLb8Q6zom/Ys+as+pQ=

commander@^2.20.0:
  version "2.20.3"
  resolved "https://registry.nlark.com/commander/download/commander-2.20.3.tgz?cache=0&sync_timestamp=1624609539421&other_urls=https%3A%2F%2Fregistry.nlark.com%2Fcommander%2Fdownload%2Fcommander-2.20.3.tgz#fd485e84c03eb4881c20722ba48035e8531aeb33"
  integrity sha1-/UhehMA+tIgcIHIrpIA16FMa6zM=

electron-to-chromium@^1.3.723:
  version "1.3.771"
  resolved "https://registry.nlark.com/electron-to-chromium/download/electron-to-chromium-1.3.771.tgz#c4aa601e6420e11926095f75fe803956a1b4bd81"
  integrity sha1-xKpgHmQg4RkmCV91/oA5VqG0vYE=

enhanced-resolve@^5.8.0:
  version "5.8.2"
  resolved "https://registry.nlark.com/enhanced-resolve/download/enhanced-resolve-5.8.2.tgz#15ddc779345cbb73e97c611cd00c01c1e7bf4d8b"
  integrity sha1-Fd3HeTRcu3PpfGEc0AwBwee/TYs=
  dependencies:
    graceful-fs "^4.2.4"
    tapable "^2.2.0"

es-module-lexer@^0.7.1:
  version "0.7.1"
  resolved "https://registry.nlark.com/es-module-lexer/download/es-module-lexer-0.7.1.tgz#c2c8e0f46f2df06274cdaf0dd3f3b33e0a0b267d"
  integrity sha1-wsjg9G8t8GJ0za8N0/OzPgoLJn0=

escalade@^3.1.1:
  version "3.1.1"
  resolved "https://registry.npm.taobao.org/escalade/download/escalade-3.1.1.tgz?cache=0&sync_timestamp=1602567230854&other_urls=https%3A%2F%2Fregistry.npm.taobao.org%2Fescalade%2Fdownload%2Fescalade-3.1.1.tgz#d8cfdc7000965c5a0174b4a82eaa5c0552742e40"
  integrity sha1-2M/ccACWXFoBdLSoLqpcBVJ0LkA=

eslint-scope@5.1.1:
  version "5.1.1"
  resolved "https://registry.npm.taobao.org/eslint-scope/download/eslint-scope-5.1.1.tgz?cache=0&sync_timestamp=1599933675196&other_urls=https%3A%2F%2Fregistry.npm.taobao.org%2Feslint-scope%2Fdownload%2Feslint-scope-5.1.1.tgz#e786e59a66cb92b3f6c1fb0d508aab174848f48c"
  integrity sha1-54blmmbLkrP2wfsNUIqrF0hI9Iw=
  dependencies:
    esrecurse "^4.3.0"
    estraverse "^4.1.1"

esrecurse@^4.3.0:
  version "4.3.0"
  resolved "https://registry.npm.taobao.org/esrecurse/download/esrecurse-4.3.0.tgz?cache=0&sync_timestamp=1598898247102&other_urls=https%3A%2F%2Fregistry.npm.taobao.org%2Fesrecurse%2Fdownload%2Fesrecurse-4.3.0.tgz#7ad7964d679abb28bee72cec63758b1c5d2c9921"
  integrity sha1-eteWTWeauyi+5yzsY3WLHF0smSE=
  dependencies:
    estraverse "^5.2.0"

estraverse@^4.1.1:
  version "4.3.0"
  resolved "https://registry.npm.taobao.org/estraverse/download/estraverse-4.3.0.tgz?cache=0&sync_timestamp=1596641261331&other_urls=https%3A%2F%2Fregistry.npm.taobao.org%2Festraverse%2Fdownload%2Festraverse-4.3.0.tgz#398ad3f3c5a24948be7725e83d11a7de28cdbd1d"
  integrity sha1-OYrT88WiSUi+dyXoPRGn3ijNvR0=

estraverse@^5.2.0:
  version "5.2.0"
  resolved "https://registry.npm.taobao.org/estraverse/download/estraverse-5.2.0.tgz?cache=0&sync_timestamp=1596641261331&other_urls=https%3A%2F%2Fregistry.npm.taobao.org%2Festraverse%2Fdownload%2Festraverse-5.2.0.tgz#307df42547e6cc7324d3cf03c155d5cdb8c53880"
  integrity sha1-MH30JUfmzHMk088DwVXVzbjFOIA=

events@^3.2.0:
  version "3.3.0"
  resolved "https://registry.npm.taobao.org/events/download/events-3.3.0.tgz?cache=0&sync_timestamp=1614446722579&other_urls=https%3A%2F%2Fregistry.npm.taobao.org%2Fevents%2Fdownload%2Fevents-3.3.0.tgz#31a95ad0a924e2d2c419a813aeb2c4e878ea7400"
  integrity sha1-Mala0Kkk4tLEGagTrrLE6HjqdAA=

fast-deep-equal@^3.1.1:
  version "3.1.3"
  resolved "https://registry.nlark.com/fast-deep-equal/download/fast-deep-equal-3.1.3.tgz#3a7d56b559d6cbc3eb512325244e619a65c6c525"
  integrity sha1-On1WtVnWy8PrUSMlJE5hmmXGxSU=

fast-json-stable-stringify@^2.0.0:
  version "2.1.0"
  resolved "https://registry.npm.taobao.org/fast-json-stable-stringify/download/fast-json-stable-stringify-2.1.0.tgz?cache=0&other_urls=https%3A%2F%2Fregistry.npm.taobao.org%2Ffast-json-stable-stringify%2Fdownload%2Ffast-json-stable-stringify-2.1.0.tgz#874bf69c6f404c2b5d99c481341399fd55892633"
  integrity sha1-h0v2nG9ATCtdmcSBNBOZ/VWJJjM=

glob-to-regexp@^0.4.1:
  version "0.4.1"
  resolved "https://registry.npm.taobao.org/glob-to-regexp/download/glob-to-regexp-0.4.1.tgz?cache=0&sync_timestamp=1603203165288&other_urls=https%3A%2F%2Fregistry.npm.taobao.org%2Fglob-to-regexp%2Fdownload%2Fglob-to-regexp-0.4.1.tgz#c75297087c851b9a578bd217dd59a92f59fe546e"
  integrity sha1-x1KXCHyFG5pXi9IX3VmpL1n+VG4=

graceful-fs@^4.1.2, graceful-fs@^4.2.4:
  version "4.2.6"
  resolved "https://registry.npm.taobao.org/graceful-fs/download/graceful-fs-4.2.6.tgz#ff040b2b0853b23c3d31027523706f1885d76bee"
  integrity sha1-/wQLKwhTsjw9MQJ1I3BvGIXXa+4=

has-flag@^4.0.0:
  version "4.0.0"
  resolved "https://registry.npm.taobao.org/has-flag/download/has-flag-4.0.0.tgz#944771fd9c81c81265c4d6941860da06bb59479b"
  integrity sha1-lEdx/ZyByBJlxNaUGGDaBrtZR5s=

jest-worker@^27.0.2:
  version "27.0.6"
  resolved "https://registry.nlark.com/jest-worker/download/jest-worker-27.0.6.tgz?cache=0&sync_timestamp=1624900060164&other_urls=https%3A%2F%2Fregistry.nlark.com%2Fjest-worker%2Fdownload%2Fjest-worker-27.0.6.tgz#a5fdb1e14ad34eb228cfe162d9f729cdbfa28aed"
  integrity sha1-pf2x4UrTTrIoz+Fi2fcpzb+iiu0=
  dependencies:
    "@types/node" "*"
    merge-stream "^2.0.0"
    supports-color "^8.0.0"

json-parse-better-errors@^1.0.2:
  version "1.0.2"
  resolved "https://registry.npm.taobao.org/json-parse-better-errors/download/json-parse-better-errors-1.0.2.tgz#bb867cfb3450e69107c131d1c514bab3dc8bcaa9"
  integrity sha1-u4Z8+zRQ5pEHwTHRxRS6s9yLyqk=

json-schema-traverse@^0.4.1:
  version "0.4.1"
  resolved "https://registry.npm.taobao.org/json-schema-traverse/download/json-schema-traverse-0.4.1.tgz?cache=0&sync_timestamp=1608000211395&other_urls=https%3A%2F%2Fregistry.npm.taobao.org%2Fjson-schema-traverse%2Fdownload%2Fjson-schema-traverse-0.4.1.tgz#69f6a87d9513ab8bb8fe63bdb0979c448e684660"
  integrity sha1-afaofZUTq4u4/mO9sJecRI5oRmA=

jweixin-module@^1.6.0:
  version "1.6.0"
  resolved "https://registry.npm.taobao.org/jweixin-module/download/jweixin-module-1.6.0.tgz#4a7ea614083e3c9c3f49e2fdc2bb882cfa58dfcd"
  integrity sha1-Sn6mFAg+PJw/SeL9wruILPpY380=

loader-runner@^4.2.0:
  version "4.2.0"
  resolved "https://registry.nlark.com/loader-runner/download/loader-runner-4.2.0.tgz#d7022380d66d14c5fb1d496b89864ebcfd478384"
  integrity sha1-1wIjgNZtFMX7HUlriYZOvP1Hg4Q=

merge-stream@^2.0.0:
  version "2.0.0"
  resolved "https://registry.nlark.com/merge-stream/download/merge-stream-2.0.0.tgz#52823629a14dd00c9770fb6ad47dc6310f2c1f60"
  integrity sha1-UoI2KaFN0AyXcPtq1H3GMQ8sH2A=

mime-db@1.48.0:
  version "1.48.0"
  resolved "https://registry.nlark.com/mime-db/download/mime-db-1.48.0.tgz?cache=0&sync_timestamp=1622433591448&other_urls=https%3A%2F%2Fregistry.nlark.com%2Fmime-db%2Fdownload%2Fmime-db-1.48.0.tgz#e35b31045dd7eada3aaad537ed88a33afbef2d1d"
  integrity sha1-41sxBF3X6to6qtU37YijOvvvLR0=

mime-types@^2.1.27:
  version "2.1.31"
  resolved "https://registry.nlark.com/mime-types/download/mime-types-2.1.31.tgz?cache=0&sync_timestamp=1622569304088&other_urls=https%3A%2F%2Fregistry.nlark.com%2Fmime-types%2Fdownload%2Fmime-types-2.1.31.tgz#a00d76b74317c61f9c2db2218b8e9f8e9c5c9e6b"
  integrity sha1-oA12t0MXxh+cLbIhi46fjpxcnms=
  dependencies:
    mime-db "1.48.0"

neo-async@^2.6.2:
  version "2.6.2"
  resolved "https://registry.npm.taobao.org/neo-async/download/neo-async-2.6.2.tgz#b4aafb93e3aeb2d8174ca53cf163ab7d7308305f"
  integrity sha1-tKr7k+OustgXTKU88WOrfXMIMF8=

node-releases@^1.1.71:
  version "1.1.73"
  resolved "https://registry.nlark.com/node-releases/download/node-releases-1.1.73.tgz?cache=0&sync_timestamp=1623060295334&other_urls=https%3A%2F%2Fregistry.nlark.com%2Fnode-releases%2Fdownload%2Fnode-releases-1.1.73.tgz#dd4e81ddd5277ff846b80b52bb40c49edf7a7b20"
  integrity sha1-3U6B3dUnf/hGuAtSu0DEnt96eyA=

p-limit@^3.1.0:
  version "3.1.0"
  resolved "https://registry.npm.taobao.org/p-limit/download/p-limit-3.1.0.tgz?cache=0&sync_timestamp=1606288549008&other_urls=https%3A%2F%2Fregistry.npm.taobao.org%2Fp-limit%2Fdownload%2Fp-limit-3.1.0.tgz#e1daccbe78d0d1388ca18c64fea38e3e57e3706b"
  integrity sha1-4drMvnjQ0TiMoYxk/qOOPlfjcGs=
  dependencies:
    yocto-queue "^0.1.0"

prettier@^2.3.1:
  version "2.3.1"
  resolved "https://registry.nlark.com/prettier/download/prettier-2.3.1.tgz#76903c3f8c4449bc9ac597acefa24dc5ad4cbea6"
  integrity sha1-dpA8P4xESbyaxZes76JNxa1MvqY=

punycode@^2.1.0:
  version "2.1.1"
  resolved "https://registry.nlark.com/punycode/download/punycode-2.1.1.tgz#b58b010ac40c22c5657616c8d2c2c02c7bf479ec"
  integrity sha1-tYsBCsQMIsVldhbI0sLALHv0eew=

randombytes@^2.1.0:
  version "2.1.0"
  resolved "https://registry.npm.taobao.org/randombytes/download/randombytes-2.1.0.tgz#df6f84372f0270dc65cdf6291349ab7a473d4f2a"
  integrity sha1-32+ENy8CcNxlzfYpE0mrekc9Tyo=
  dependencies:
    safe-buffer "^5.1.0"

safe-buffer@^5.1.0:
  version "5.2.1"
  resolved "https://registry.npm.taobao.org/safe-buffer/download/safe-buffer-5.2.1.tgz?cache=0&sync_timestamp=1589129103371&other_urls=https%3A%2F%2Fregistry.npm.taobao.org%2Fsafe-buffer%2Fdownload%2Fsafe-buffer-5.2.1.tgz#1eaf9fa9bdb1fdd4ec75f58f9cdb4e6b7827eec6"
  integrity sha1-Hq+fqb2x/dTsdfWPnNtOa3gn7sY=

schema-utils@^3.0.0:
  version "3.1.0"
  resolved "https://registry.nlark.com/schema-utils/download/schema-utils-3.1.0.tgz?cache=0&sync_timestamp=1625484933876&other_urls=https%3A%2F%2Fregistry.nlark.com%2Fschema-utils%2Fdownload%2Fschema-utils-3.1.0.tgz#95986eb604f66daadeed56e379bfe7a7f963cdb9"
  integrity sha1-lZhutgT2bare7Vbjeb/np/ljzbk=
  dependencies:
    "@types/json-schema" "^7.0.7"
    ajv "^6.12.5"
    ajv-keywords "^3.5.2"

serialize-javascript@^6.0.0:
  version "6.0.0"
  resolved "https://registry.nlark.com/serialize-javascript/download/serialize-javascript-6.0.0.tgz?cache=0&sync_timestamp=1624284194508&other_urls=https%3A%2F%2Fregistry.nlark.com%2Fserialize-javascript%2Fdownload%2Fserialize-javascript-6.0.0.tgz#efae5d88f45d7924141da8b5c3a7a7e663fefeb8"
  integrity sha1-765diPRdeSQUHai1w6en5mP+/rg=
  dependencies:
    randombytes "^2.1.0"

source-list-map@^2.0.1:
  version "2.0.1"
  resolved "https://registry.npm.taobao.org/source-list-map/download/source-list-map-2.0.1.tgz#3993bd873bfc48479cca9ea3a547835c7c154b34"
  integrity sha1-OZO9hzv8SEecyp6jpUeDXHwVSzQ=

source-map-support@~0.5.19:
  version "0.5.19"
  resolved "https://registry.npm.taobao.org/source-map-support/download/source-map-support-0.5.19.tgz?cache=0&sync_timestamp=1587719289626&other_urls=https%3A%2F%2Fregistry.npm.taobao.org%2Fsource-map-support%2Fdownload%2Fsource-map-support-0.5.19.tgz#a98b62f86dcaf4f67399648c085291ab9e8fed61"
  integrity sha1-qYti+G3K9PZzmWSMCFKRq56P7WE=
  dependencies:
    buffer-from "^1.0.0"
    source-map "^0.6.0"

source-map@^0.6.0, source-map@^0.6.1:
  version "0.6.1"
  resolved "https://registry.npm.taobao.org/source-map/download/source-map-0.6.1.tgz#74722af32e9614e9c287a8d0bbde48b5e2f1a263"
  integrity sha1-dHIq8y6WFOnCh6jQu95IteLxomM=

source-map@~0.7.2:
  version "0.7.3"
  resolved "https://registry.npm.taobao.org/source-map/download/source-map-0.7.3.tgz#5302f8169031735226544092e64981f751750383"
  integrity sha1-UwL4FpAxc1ImVECS5kmB91F1A4M=

supports-color@^8.0.0:
  version "8.1.1"
  resolved "https://registry.nlark.com/supports-color/download/supports-color-8.1.1.tgz?cache=0&sync_timestamp=1622293579301&other_urls=https%3A%2F%2Fregistry.nlark.com%2Fsupports-color%2Fdownload%2Fsupports-color-8.1.1.tgz#cd6fc17e28500cff56c1b86c0a7fd4a54a73005c"
  integrity sha1-zW/BfihQDP9WwbhsCn/UpUpzAFw=
  dependencies:
    has-flag "^4.0.0"

tapable@^2.1.1, tapable@^2.2.0:
  version "2.2.0"
  resolved "https://registry.npm.taobao.org/tapable/download/tapable-2.2.0.tgz?cache=0&sync_timestamp=1607088859616&other_urls=https%3A%2F%2Fregistry.npm.taobao.org%2Ftapable%2Fdownload%2Ftapable-2.2.0.tgz#5c373d281d9c672848213d0e037d1c4165ab426b"
  integrity sha1-XDc9KB2cZyhIIT0OA30cQWWrQms=

terser-webpack-plugin@^5.1.3:
  version "5.1.4"
  resolved "https://registry.nlark.com/terser-webpack-plugin/download/terser-webpack-plugin-5.1.4.tgz?cache=0&sync_timestamp=1624624550780&other_urls=https%3A%2F%2Fregistry.nlark.com%2Fterser-webpack-plugin%2Fdownload%2Fterser-webpack-plugin-5.1.4.tgz#c369cf8a47aa9922bd0d8a94fe3d3da11a7678a1"
  integrity sha1-w2nPikeqmSK9DYqU/j09oRp2eKE=
  dependencies:
    jest-worker "^27.0.2"
    p-limit "^3.1.0"
    schema-utils "^3.0.0"
    serialize-javascript "^6.0.0"
    source-map "^0.6.1"
    terser "^5.7.0"

terser@^5.7.0:
  version "5.7.1"
  resolved "https://registry.nlark.com/terser/download/terser-5.7.1.tgz#2dc7a61009b66bb638305cb2a824763b116bf784"
  integrity sha1-LcemEAm2a7Y4MFyyqCR2OxFr94Q=
  dependencies:
    commander "^2.20.0"
    source-map "~0.7.2"
    source-map-support "~0.5.19"

uri-js@^4.2.2:
  version "4.4.1"
  resolved "https://registry.npm.taobao.org/uri-js/download/uri-js-4.4.1.tgz?cache=0&sync_timestamp=1610237641463&other_urls=https%3A%2F%2Fregistry.npm.taobao.org%2Furi-js%2Fdownload%2Furi-js-4.4.1.tgz#9b1a52595225859e55f669d928f88c6c57f2a77e"
  integrity sha1-mxpSWVIlhZ5V9mnZKPiMbFfyp34=
  dependencies:
    punycode "^2.1.0"

uview-ui@^1.8.4:
  version "1.8.4"
  resolved "https://registry.npm.taobao.org/uview-ui/download/uview-ui-1.8.4.tgz#e32bbf2379421d319022e324e1cb7b5387d3bd44"
  integrity sha1-4yu/I3lCHTGQIuMk4ct7U4fTvUQ=

watchpack@^2.2.0:
  version "2.2.0"
  resolved "https://registry.nlark.com/watchpack/download/watchpack-2.2.0.tgz#47d78f5415fe550ecd740f99fe2882323a58b1ce"
  integrity sha1-R9ePVBX+VQ7NdA+Z/iiCMjpYsc4=
  dependencies:
    glob-to-regexp "^0.4.1"
    graceful-fs "^4.1.2"

webpack-sources@^2.3.0:
  version "2.3.0"
  resolved "https://registry.nlark.com/webpack-sources/download/webpack-sources-2.3.0.tgz#9ed2de69b25143a4c18847586ad9eccb19278cfa"
  integrity sha1-ntLeabJRQ6TBiEdYatnsyxknjPo=
  dependencies:
    source-list-map "^2.0.1"
    source-map "^0.6.1"

webpack@^5.44.0:
  version "5.44.0"
  resolved "https://registry.nlark.com/webpack/download/webpack-5.44.0.tgz#97b13a02bd79fb71ac6301ce697920660fa214a1"
  integrity sha1-l7E6Ar15+3GsYwHOaXkgZg+iFKE=
  dependencies:
    "@types/eslint-scope" "^3.7.0"
    "@types/estree" "^0.0.50"
    "@webassemblyjs/ast" "1.11.1"
    "@webassemblyjs/wasm-edit" "1.11.1"
    "@webassemblyjs/wasm-parser" "1.11.1"
    acorn "^8.4.1"
    browserslist "^4.14.5"
    chrome-trace-event "^1.0.2"
    enhanced-resolve "^5.8.0"
    es-module-lexer "^0.7.1"
    eslint-scope "5.1.1"
    events "^3.2.0"
    glob-to-regexp "^0.4.1"
    graceful-fs "^4.2.4"
    json-parse-better-errors "^1.0.2"
    loader-runner "^4.2.0"
    mime-types "^2.1.27"
    neo-async "^2.6.2"
    schema-utils "^3.0.0"
    tapable "^2.1.1"
    terser-webpack-plugin "^5.1.3"
    watchpack "^2.2.0"
    webpack-sources "^2.3.0"

yocto-queue@^0.1.0:
  version "0.1.0"
  resolved "https://registry.npm.taobao.org/yocto-queue/download/yocto-queue-0.1.0.tgz?cache=0&sync_timestamp=1606290469373&other_urls=https%3A%2F%2Fregistry.npm.taobao.org%2Fyocto-queue%2Fdownload%2Fyocto-queue-0.1.0.tgz#0294eb3dee05028d31ee1a5fa2c556a6aaf10a1b"
  integrity sha1-ApTrPe4FAo0x7hpfosVWpqrxChs=
